
Microsoft Visual Studio Solution File, Format Version 12.00
# Visual Studio Version 17
VisualStudioVersion = 17.7.34031.279
MinimumVisualStudioVersion = 10.0.40219.1
Project("{FAE04EC0-301F-11D3-BF4B-00C04F79EFBC}") = "NumbersGame", "NumbersGame\NumbersGame.csproj", "{7E8F4D6E-0F44-4E28-982A-3C77D2D7CAAA}"
EndProject
Global
	GlobalSection(SolutionConfigurationPlatforms) = preSolution
		Debug|Any CPU = Debug|Any CPU
		Release|Any CPU = Release|Any CPU
	EndGlobalSection
	GlobalSection(ProjectConfigurationPlatforms) = postSolution
		{7E8F4D6E-0F44-4E28-982A-3C77D2D7CAAA}.Debug|Any CPU.ActiveCfg = Debug|Any CPU
		{7E8F4D6E-0F44-4E28-982A-3C77D2D7CAAA}.Debug|Any CPU.Build.0 = Debug|Any CPU
		{7E8F4D6E-0F44-4E28-982A-3C77D2D7CAAA}.Release|Any CPU.ActiveCfg = Release|Any CPU
		{7E8F4D6E-0F44-4E28-982A-3C77D2D7CAAA}.Release|Any CPU.Build.0 = Release|Any CPU
	EndGlobalSection
	GlobalSection(SolutionProperties) = preSolution
		HideSolutionNode = FALSE
	EndGlobalSection
	GlobalSection(ExtensibilityGlobals) = postSolution
		SolutionGuid = {14F3CE92-2B56-4202-B59A-4CE8391BE86D}
	EndGlobalSection
EndGlobal
